
Microsoft Visual Studio Solution File, Format Version 12.00
# Visual Studio Version 16
VisualStudioVersion = 16.0.31112.23
MinimumVisualStudioVersion = 10.0.40219.1
Project("{FAE04EC0-301F-11D3-BF4B-00C04F79EFBC}") = "Vending Machine", "Vending Machine.csproj", "{81AB6452-D1B4-4C94-B9DA-3936B47B7B42}"
EndProject
Global
	GlobalSection(SolutionConfigurationPlatforms) = preSolution
		Debug|Any CPU = Debug|Any CPU
		Release|Any CPU = Release|Any CPU
	EndGlobalSection
	GlobalSection(ProjectConfigurationPlatforms) = postSolution
		{81AB6452-D1B4-4C94-B9DA-3936B47B7B42}.Debug|Any CPU.ActiveCfg = Debug|Any CPU
		{81AB6452-D1B4-4C94-B9DA-3936B47B7B42}.Debug|Any CPU.Build.0 = Debug|Any CPU
		{81AB6452-D1B4-4C94-B9DA-3936B47B7B42}.Release|Any CPU.ActiveCfg = Release|Any CPU
		{81AB6452-D1B4-4C94-B9DA-3936B47B7B42}.Release|Any CPU.Build.0 = Release|Any CPU
	EndGlobalSection
	GlobalSection(SolutionProperties) = preSolution
		HideSolutionNode = FALSE
	EndGlobalSection
	GlobalSection(ExtensibilityGlobals) = postSolution
		SolutionGuid = {43104FD4-51FB-4BA1-898B-D2AA01D3796F}
	EndGlobalSection
EndGlobal
